// !$*UTF8*$!
{
	archiveVersion = 1;
	classes = {
	};
	objectVersion = 50;
	objects = {

/* Begin PBXBuildFile section */
		BCF8D13C231EE9DC007D6F11 /* AppDelegate.swift in Sources */ = {isa = PBXBuildFile; fileRef = BCF8D13B231EE9DC007D6F11 /* AppDelegate.swift */; };
		BCF8D13E231EE9DC007D6F11 /* ViewController.swift in Sources */ = {isa = PBXBuildFile; fileRef = BCF8D13D231EE9DC007D6F11 /* ViewController.swift */; };
		BCF8D141231EE9DC007D6F11 /* Main.storyboard in Resources */ = {isa = PBXBuildFile; fileRef = BCF8D13F231EE9DC007D6F11 /* Main.storyboard */; };
		BCF8D143231EE9DE007D6F11 /* Assets.xcassets in Resources */ = {isa = PBXBuildFile; fileRef = BCF8D142231EE9DE007D6F11 /* Assets.xcassets */; };
		BCF8D146231EE9DE007D6F11 /* LaunchScreen.storyboard in Resources */ = {isa = PBXBuildFile; fileRef = BCF8D144231EE9DE007D6F11 /* LaunchScreen.storyboard */; };
/* End PBXBuildFile section */

/* Begin PBXFileReference section */
		BCF8D138231EE9DC007D6F11 /* BackgraundAppAL.app */ = {isa = PBXFileReference; explicitFileType = wrapper.application; includeInIndex = 0; path = BackgraundAppAL.app; sourceTree = BUILT_PRODUCTS_DIR; };
		BCF8D13B231EE9DC007D6F11 /* AppDelegate.swift */ = {isa = PBXFileReference; lastKnownFileType = sourcecode.swift; path = AppDelegate.swift; sourceTree = "<group>"; };
		BCF8D13D231EE9DC007D6F11 /* ViewController.swift */ = {isa = PBXFileReference; lastKnownFileType = sourcecode.swift; path = ViewController.swift; sourceTree = "<group>"; };
		BCF8D140231EE9DC007D6F11 /* Base */ = {isa = PBXFileReference; lastKnownFileType = file.storyboard; name = Base; path = Base.lproj/Main.storyboard; sourceTree = "<group>"; };
		BCF8D142231EE9DE007D6F11 /* Assets.xcassets */ = {isa = PBXFileReference; lastKnownFileType = folder.assetcatalog; path = Assets.xcassets; sourceTree = "<group>"; };
		BCF8D145231EE9DE007D6F11 /* Base */ = {isa = PBXFileReference; lastKnownFileType = file.storyboard; name = Base; path = Base.lproj/LaunchScreen.storyboard; sourceTree = "<group>"; };
		BCF8D147231EE9DE007D6F11 /* Info.plist */ = {isa = PBXFileReference; lastKnownFileType = text.plist.xml; path = Info.plist; sourceTree = "<group>"; };
/* End PBXFileReference section */

/* Begin PBXFrameworksBuildPhase section */
		BCF8D135231EE9DC007D6F11 /* Frameworks */ = {
			isa = PBXFrameworksBuildPhase;
			buildActionMask = 2147483647;
			files = (
			);
			runOnlyForDeploymentPostprocessing = 0;
		};
/* End PBXFrameworksBuildPhase section */

/* Begin PBXGroup section */
		BCF8D12F231EE9DC007D6F11 = {
			isa = PBXGroup;
			children = (
				BCF8D13A231EE9DC007D6F11 /* BackgraundAppAL */,
				BCF8D139231EE9DC007D6F11 /* Products */,
			);
			sourceTree = "<group>";
		};
		BCF8D139231EE9DC007D6F11 /* Products */ = {
			isa = PBXGroup;
			children = (
				BCF8D138231EE9DC007D6F11 /* BackgraundAppAL.app */,
			);
			name = Products;
			sourceTree = "<group>";
		};
		BCF8D13A231EE9DC007D6F11 /* BackgraundAppAL */ = {
			isa = PBXGroup;
			children = (
				BCF8D13B231EE9DC007D6F11 /* AppDelegate.swift */,
				BCF8D13D231EE9DC007D6F11 /* ViewController.swift */,
				BCF8D13F231EE9DC007D6F11 /* Main.storyboard */,
				BCF8D142231EE9DE007D6F11 /* Assets.xcassets */,
				BCF8D144231EE9DE007D6F11 /* LaunchScreen.storyboard */,
				BCF8D147231EE9DE007D6F11 /* Info.plist */,
			);
			path = BackgraundAppAL;
			sourceTree = "<group>";
		};
/* End PBXGroup section */

/* Begin PBXNativeTarget section */
		BCF8D137231EE9DC007D6F11 /* BackgraundAppAL */ = {
			isa = PBXNativeTarget;
			buildConfigurationList = BCF8D14A231EE9DE007D6F11 /* Build configuration list for PBXNativeTarget "BackgraundAppAL" */;
			buildPhases = (
				BCF8D134231EE9DC007D6F11 /* Sources */,
				BCF8D135231EE9DC007D6F11 /* Frameworks */,
				BCF8D136231EE9DC007D6F11 /* Resources */,
			);
			buildRules = (
			);
			dependencies = (
			);
			name = BackgraundAppAL;
			productName = BackgraundAppAL;
			productReference = BCF8D138231EE9DC007D6F11 /* BackgraundAppAL.app */;
			productType = "com.apple.product-type.application";
		};
/* End PBXNativeTarget section */

/* Begin PBXProject section */
		BCF8D130231EE9DC007D6F11 /* Project object */ = {
			isa = PBXProject;
			attributes = {
				LastSwiftUpdateCheck = 1030;
				LastUpgradeCheck = 1030;
				ORGANIZATIONNAME = "2020-1";
				TargetAttributes = {
					BCF8D137231EE9DC007D6F11 = {
						CreatedOnToolsVersion = 10.3;
					};
				};
			};
			buildConfigurationList = BCF8D133231EE9DC007D6F11 /* Build configuration list for PBXProject "BackgraundAppAL" */;
			compatibilityVersion = "Xcode 9.3";
			developmentRegion = en;
			hasScannedForEncodings = 0;
			knownRegions = (
				en,
				Base,
			);
			mainGroup = BCF8D12F231EE9DC007D6F11;
			productRefGroup = BCF8D139231EE9DC007D6F11 /* Products */;
			projectDirPath = "";
			projectRoot = "";
			targets = (
				BCF8D137231EE9DC007D6F11 /* BackgraundAppAL */,
			);
		};
/* End PBXProject section */

/* Begin PBXResourcesBuildPhase section */
		BCF8D136231EE9DC007D6F11 /* Resources */ = {
			isa = PBXResourcesBuildPhase;
			buildActionMask = 2147483647;
			files = (
				BCF8D146231EE9DE007D6F11 /* LaunchScreen.storyboard in Resources */,
				BCF8D143231EE9DE007D6F11 /* Assets.xcassets in Resources */,
				BCF8D141231EE9DC007D6F11 /* Main.storyboard in Resources */,
			);
			runOnlyForDeploymentPostprocessing = 0;
		};
/* End PBXResourcesBuildPhase section */

/* Begin PBXSourcesBuildPhase section */
		BCF8D134231EE9DC007D6F11 /* Sources */ = {
			isa = PBXSourcesBuildPhase;
			buildActionMask = 2147483647;
			files = (
				BCF8D13E231EE9DC007D6F11 /* ViewController.swift in Sources */,
				BCF8D13C231EE9DC007D6F11 /* AppDelegate.swift in Sources */,
			);
			runOnlyForDeploymentPostprocessing = 0;
		};
/* End PBXSourcesBuildPhase section */

/* Begin PBXVariantGroup section */
		BCF8D13F231EE9DC007D6F11 /* Main.storyboard */ = {
			isa = PBXVariantGroup;
			children = (
				BCF8D140231EE9DC007D6F11 /* Base */,
			);
			name = Main.storyboard;
			sourceTree = "<group>";
		};
		BCF8D144231EE9DE007D6F11 /* LaunchScreen.storyboard */ = {
			isa = PBXVariantGroup;
			children = (
				BCF8D145231EE9DE007D6F11 /* Base */,
			);
			name = LaunchScreen.storyboard;
			sourceTree = "<group>";
		};
/* End PBXVariantGroup section */

/* Begin XCBuildConfiguration section */
		BCF8D148231EE9DE007D6F11 /* Debug */ = {
			isa = XCBuildConfiguration;
			buildSettings = {
				ALWAYS_SEARCH_USER_PATHS = NO;
				CLANG_ANALYZER_NONNULL = YES;
				CLANG_ANALYZER_NUMBER_OBJECT_CONVERSION = YES_AGGRESSIVE;
				CLANG_CXX_LANGUAGE_STANDARD = "gnu++14";
				CLANG_CXX_LIBRARY = "libc++";
				CLANG_ENABLE_MODULES = YES;
				CLANG_ENABLE_OBJC_ARC = YES;
				CLANG_ENABLE_OBJC_WEAK = YES;
				CLANG_WARN_BLOCK_CAPTURE_AUTORELEASING = YES;
				CLANG_WARN_BOOL_CONVERSION = YES;
				CLANG_WARN_COMMA = YES;
				CLANG_WARN_CONSTANT_CONVERSION = YES;
				CLANG_WARN_DEPRECATED_OBJC_IMPLEMENTATIONS = YES;
				CLANG_WARN_DIRECT_OBJC_ISA_USAGE = YES_ERROR;
				CLANG_WARN_DOCUMENTATION_COMMENTS = YES;
				CLANG_WARN_EMPTY_BODY = YES;
				CLANG_WARN_ENUM_CONVERSION = YES;
				CLANG_WARN_INFINITE_RECURSION = YES;
				CLANG_WARN_INT_CONVERSION = YES;
				CLANG_WARN_NON_LITERAL_NULL_CONVERSION = YES;
				CLANG_WARN_OBJC_IMPLICIT_RETAIN_SELF = YES;
				CLANG_WARN_OBJC_LITERAL_CONVERSION = YES;
				CLANG_WARN_OBJC_ROOT_CLASS = YES_ERROR;
				CLANG_WARN_RANGE_LOOP_ANALYSIS = YES;
				CLANG_WARN_STRICT_PROTOTYPES = YES;
				CLANG_WARN_SUSPICIOUS_MOVE = YES;
				CLANG_WARN_UNGUARDED_AVAILABILITY = YES_AGGRESSIVE;
				CLANG_WARN_UNREACHABLE_CODE = YES;
				CLANG_WARN__DUPLICATE_METHOD_MATCH = YES;
				CODE_SIGN_IDENTITY = "iPhone Developer";
				COPY_PHASE_STRIP = NO;
				DEBUG_INFORMATION_FORMAT = dwarf;
				ENABLE_STRICT_OBJC_MSGSEND = YES;
				ENABLE_TESTABILITY = YES;
				GCC_C_LANGUAGE_STANDARD = gnu11;
				GCC_DYNAMIC_NO_PIC = NO;
				GCC_NO_COMMON_BLOCKS = YES;
				GCC_OPTIMIZATION_LEVEL = 0;
				GCC_PREPROCESSOR_DEFINITIONS = (
					"DEBUG=1",
					"$(inherited)",
				);
				GCC_WARN_64_TO_32_BIT_CONVERSION = YES;
				GCC_WARN_ABOUT_RETURN_TYPE = YES_ERROR;
				GCC_WARN_UNDECLARED_SELECTOR = YES;
				GCC_WARN_UNINITIALIZED_AUTOS = YES_AGGRESSIVE;
				GCC_WARN_UNUSED_FUNCTION = YES;
				GCC_WARN_UNUSED_VARIABLE = YES;
				IPHONEOS_DEPLOYMENT_TARGET = 12.4;
				MTL_ENABLE_DEBUG_INFO = INCLUDE_SOURCE;
				MTL_FAST_MATH = YES;
				ONLY_ACTIVE_ARCH = YES;
				SDKROOT = iphoneos;
				SWIFT_ACTIVE_COMPILATION_CONDITIONS = DEBUG;
				SWIFT_OPTIMIZATION_LEVEL = "-Onone";
			};
			name = Debug;
		};
		BCF8D149231EE9DE007D6F11 /* Release */ = {
			isa = XCBuildConfiguration;
			buildSettings = {
				ALWAYS_SEARCH_USER_PATHS = NO;
				CLANG_ANALYZER_NONNULL = YES;
				CLANG_ANALYZER_NUMBER_OBJECT_CONVERSION = YES_AGGRESSIVE;
				CLANG_CXX_LANGUAGE_STANDARD = "gnu++14";
				CLANG_CXX_LIBRARY = "libc++";
				CLANG_ENABLE_MODULES = YES;
				CLANG_ENABLE_OBJC_ARC = YES;
				CLANG_ENABLE_OBJC_WEAK = YES;
				CLANG_WARN_BLOCK_CAPTURE_AUTORELEASING = YES;
				CLANG_WARN_BOOL_CONVERSION = YES;
				CLANG_WARN_COMMA = YES;
				CLANG_WARN_CONSTANT_CONVERSION = YES;
				CLANG_WARN_DEPRECATED_OBJC_IMPLEMENTATIONS = YES;
				CLANG_WARN_DIRECT_OBJC_ISA_USAGE = YES_ERROR;
				CLANG_WARN_DOCUMENTATION_COMMENTS = YES;
				CLANG_WARN_EMPTY_BODY = YES;
				CLANG_WARN_ENUM_CONVERSION = YES;
				CLANG_WARN_INFINITE_RECURSION = YES;
				CLANG_WARN_INT_CONVERSION = YES;
				CLANG_WARN_NON_LITERAL_NULL_CONVERSION = YES;
				CLANG_WARN_OBJC_IMPLICIT_RETAIN_SELF = YES;
				CLANG_WARN_OBJC_LITERAL_CONVERSION = YES;
				CLANG_WARN_OBJC_ROOT_CLASS = YES_ERROR;
				CLANG_WARN_RANGE_LOOP_ANALYSIS = YES;
				CLANG_WARN_STRICT_PROTOTYPES = YES;
				CLANG_WARN_SUSPICIOUS_MOVE = YES;
				CLANG_WARN_UNGUARDED_AVAILABILITY = YES_AGGRESSIVE;
				CLANG_WARN_UNREACHABLE_CODE = YES;
				CLANG_WARN__DUPLICATE_METHOD_MATCH = YES;
				CODE_SIGN_IDENTITY = "iPhone Developer";
				COPY_PHASE_STRIP = NO;
				DEBUG_INFORMATION_FORMAT = "dwarf-with-dsym";
				ENABLE_NS_ASSERTIONS = NO;
				ENABLE_STRICT_OBJC_MSGSEND = YES;
				GCC_C_LANGUAGE_STANDARD = gnu11;
				GCC_NO_COMMON_BLOCKS = YES;
				GCC_WARN_64_TO_32_BIT_CONVERSION = YES;
				GCC_WARN_ABOUT_RETURN_TYPE = YES_ERROR;
				GCC_WARN_UNDECLARED_SELECTOR = YES;
				GCC_WARN_UNINITIALIZED_AUTOS = YES_AGGRESSIVE;
				GCC_WARN_UNUSED_FUNCTION = YES;
				GCC_WARN_UNUSED_VARIABLE = YES;
				IPHONEOS_DEPLOYMENT_TARGET = 12.4;
				MTL_ENABLE_DEBUG_INFO = NO;
				MTL_FAST_MATH = YES;
				SDKROOT = iphoneos;
				SWIFT_COMPILATION_MODE = wholemodule;
				SWIFT_OPTIMIZATION_LEVEL = "-O";
				VALIDATE_PRODUCT = YES;
			};
			name = Release;
		};
		BCF8D14B231EE9DE007D6F11 /* Debug */ = {
			isa = XCBuildConfiguration;
			buildSettings = {
				ASSETCATALOG_COMPILER_APPICON_NAME = AppIcon;
				CODE_SIGN_STYLE = Automatic;
				INFOPLIST_FILE = BackgraundAppAL/Info.plist;
				LD_RUNPATH_SEARCH_PATHS = (
					"$(inherited)",
					"@executable_path/Frameworks",
				);
				PRODUCT_BUNDLE_IDENTIFIER = unam.mx.BackgraundAppAL;
				PRODUCT_NAME = "$(TARGET_NAME)";
				SWIFT_VERSION = 5.0;
				TARGETED_DEVICE_FAMILY = "1,2";
			};
			name = Debug;
		};
		BCF8D14C231EE9DE007D6F11 /* Release */ = {
			isa = XCBuildConfiguration;
			buildSettings = {
				ASSETCATALOG_COMPILER_APPICON_NAME = AppIcon;
				CODE_SIGN_STYLE = Automatic;
				INFOPLIST_FILE = BackgraundAppAL/Info.plist;
				LD_RUNPATH_SEARCH_PATHS = (
					"$(inherited)",
					"@executable_path/Frameworks",
				);
				PRODUCT_BUNDLE_IDENTIFIER = unam.mx.BackgraundAppAL;
				PRODUCT_NAME = "$(TARGET_NAME)";
				SWIFT_VERSION = 5.0;
				TARGETED_DEVICE_FAMILY = "1,2";
			};
			name = Release;
		};
/* End XCBuildConfiguration section */

/* Begin XCConfigurationList section */
		BCF8D133231EE9DC007D6F11 /* Build configuration list for PBXProject "BackgraundAppAL" */ = {
			isa = XCConfigurationList;
			buildConfigurations = (
				BCF8D148231EE9DE007D6F11 /* Debug */,
				BCF8D149231EE9DE007D6F11 /* Release */,
			);
			defaultConfigurationIsVisible = 0;
			defaultConfigurationName = Release;
		};
		BCF8D14A231EE9DE007D6F11 /* Build configuration list for PBXNativeTarget "BackgraundAppAL" */ = {
			isa = XCConfigurationList;
			buildConfigurations = (
				BCF8D14B231EE9DE007D6F11 /* Debug */,
				BCF8D14C231EE9DE007D6F11 /* Release */,
			);
			defaultConfigurationIsVisible = 0;
			defaultConfigurationName = Release;
		};
/* End XCConfigurationList section */
	};
	rootObject = BCF8D130231EE9DC007D6F11 /* Project object */;
}
