// !$*UTF8*$!
{
	archiveVersion = 1;
	classes = {
	};
	objectVersion = 50;
	objects = {

/* Begin PBXBuildFile section */
		BC064D38232059E3003473EF /* AppDelegate.swift in Sources */ = {isa = PBXBuildFile; fileRef = BC064D37232059E3003473EF /* AppDelegate.swift */; };
		BC064D3A232059E3003473EF /* ViewController.swift in Sources */ = {isa = PBXBuildFile; fileRef = BC064D39232059E3003473EF /* ViewController.swift */; };
		BC064D3D232059E3003473EF /* Main.storyboard in Resources */ = {isa = PBXBuildFile; fileRef = BC064D3B232059E3003473EF /* Main.storyboard */; };
		BC064D3F232059E5003473EF /* Assets.xcassets in Resources */ = {isa = PBXBuildFile; fileRef = BC064D3E232059E5003473EF /* Assets.xcassets */; };
		BC064D42232059E5003473EF /* LaunchScreen.storyboard in Resources */ = {isa = PBXBuildFile; fileRef = BC064D40232059E5003473EF /* LaunchScreen.storyboard */; };
		BC8262FE2326EEBA00C4F28E /* Alumno.swift in Sources */ = {isa = PBXBuildFile; fileRef = BC8262FD2326EEBA00C4F28E /* Alumno.swift */; };
		BC8263022326EF4800C4F28E /* AlumnoTableViewCell.swift in Sources */ = {isa = PBXBuildFile; fileRef = BC8263012326EF4800C4F28E /* AlumnoTableViewCell.swift */; };
		BC8263062326F90900C4F28E /* SecondViewController.swift in Sources */ = {isa = PBXBuildFile; fileRef = BC8263052326F90900C4F28E /* SecondViewController.swift */; };
/* End PBXBuildFile section */

/* Begin PBXFileReference section */
		BC064D34232059E3003473EF /* PO.ALtablas.app */ = {isa = PBXFileReference; explicitFileType = wrapper.application; includeInIndex = 0; path = PO.ALtablas.app; sourceTree = BUILT_PRODUCTS_DIR; };
		BC064D37232059E3003473EF /* AppDelegate.swift */ = {isa = PBXFileReference; lastKnownFileType = sourcecode.swift; path = AppDelegate.swift; sourceTree = "<group>"; };
		BC064D39232059E3003473EF /* ViewController.swift */ = {isa = PBXFileReference; lastKnownFileType = sourcecode.swift; path = ViewController.swift; sourceTree = "<group>"; };
		BC064D3C232059E3003473EF /* Base */ = {isa = PBXFileReference; lastKnownFileType = file.storyboard; name = Base; path = Base.lproj/Main.storyboard; sourceTree = "<group>"; };
		BC064D3E232059E5003473EF /* Assets.xcassets */ = {isa = PBXFileReference; lastKnownFileType = folder.assetcatalog; path = Assets.xcassets; sourceTree = "<group>"; };
		BC064D41232059E5003473EF /* Base */ = {isa = PBXFileReference; lastKnownFileType = file.storyboard; name = Base; path = Base.lproj/LaunchScreen.storyboard; sourceTree = "<group>"; };
		BC064D43232059E5003473EF /* Info.plist */ = {isa = PBXFileReference; lastKnownFileType = text.plist.xml; path = Info.plist; sourceTree = "<group>"; };
		BC8262FD2326EEBA00C4F28E /* Alumno.swift */ = {isa = PBXFileReference; lastKnownFileType = sourcecode.swift; path = Alumno.swift; sourceTree = "<group>"; };
		BC8263012326EF4800C4F28E /* AlumnoTableViewCell.swift */ = {isa = PBXFileReference; lastKnownFileType = sourcecode.swift; path = AlumnoTableViewCell.swift; sourceTree = "<group>"; };
		BC8263052326F90900C4F28E /* SecondViewController.swift */ = {isa = PBXFileReference; lastKnownFileType = sourcecode.swift; path = SecondViewController.swift; sourceTree = "<group>"; };
/* End PBXFileReference section */

/* Begin PBXFrameworksBuildPhase section */
		BC064D31232059E3003473EF /* Frameworks */ = {
			isa = PBXFrameworksBuildPhase;
			buildActionMask = 2147483647;
			files = (
			);
			runOnlyForDeploymentPostprocessing = 0;
		};
/* End PBXFrameworksBuildPhase section */

/* Begin PBXGroup section */
		BC064D2B232059E3003473EF = {
			isa = PBXGroup;
			children = (
				BC064D36232059E3003473EF /* PO.ALtablas */,
				BC064D35232059E3003473EF /* Products */,
			);
			sourceTree = "<group>";
		};
		BC064D35232059E3003473EF /* Products */ = {
			isa = PBXGroup;
			children = (
				BC064D34232059E3003473EF /* PO.ALtablas.app */,
			);
			name = Products;
			sourceTree = "<group>";
		};
		BC064D36232059E3003473EF /* PO.ALtablas */ = {
			isa = PBXGroup;
			children = (
				BC064D37232059E3003473EF /* AppDelegate.swift */,
				BC064D39232059E3003473EF /* ViewController.swift */,
				BC064D3B232059E3003473EF /* Main.storyboard */,
				BC064D3E232059E5003473EF /* Assets.xcassets */,
				BC064D40232059E5003473EF /* LaunchScreen.storyboard */,
				BC064D43232059E5003473EF /* Info.plist */,
				BC8262FD2326EEBA00C4F28E /* Alumno.swift */,
				BC8263012326EF4800C4F28E /* AlumnoTableViewCell.swift */,
				BC8263052326F90900C4F28E /* SecondViewController.swift */,
			);
			path = PO.ALtablas;
			sourceTree = "<group>";
		};
/* End PBXGroup section */

/* Begin PBXNativeTarget section */
		BC064D33232059E3003473EF /* PO.ALtablas */ = {
			isa = PBXNativeTarget;
			buildConfigurationList = BC064D46232059E5003473EF /* Build configuration list for PBXNativeTarget "PO.ALtablas" */;
			buildPhases = (
				BC064D30232059E3003473EF /* Sources */,
				BC064D31232059E3003473EF /* Frameworks */,
				BC064D32232059E3003473EF /* Resources */,
			);
			buildRules = (
			);
			dependencies = (
			);
			name = PO.ALtablas;
			productName = PO.ALtablas;
			productReference = BC064D34232059E3003473EF /* PO.ALtablas.app */;
			productType = "com.apple.product-type.application";
		};
/* End PBXNativeTarget section */

/* Begin PBXProject section */
		BC064D2C232059E3003473EF /* Project object */ = {
			isa = PBXProject;
			attributes = {
				LastSwiftUpdateCheck = 1030;
				LastUpgradeCheck = 1030;
				ORGANIZATIONNAME = "2020-1";
				TargetAttributes = {
					BC064D33232059E3003473EF = {
						CreatedOnToolsVersion = 10.3;
					};
				};
			};
			buildConfigurationList = BC064D2F232059E3003473EF /* Build configuration list for PBXProject "PO.ALtablas" */;
			compatibilityVersion = "Xcode 9.3";
			developmentRegion = en;
			hasScannedForEncodings = 0;
			knownRegions = (
				en,
				Base,
			);
			mainGroup = BC064D2B232059E3003473EF;
			productRefGroup = BC064D35232059E3003473EF /* Products */;
			projectDirPath = "";
			projectRoot = "";
			targets = (
				BC064D33232059E3003473EF /* PO.ALtablas */,
			);
		};
/* End PBXProject section */

/* Begin PBXResourcesBuildPhase section */
		BC064D32232059E3003473EF /* Resources */ = {
			isa = PBXResourcesBuildPhase;
			buildActionMask = 2147483647;
			files = (
				BC064D42232059E5003473EF /* LaunchScreen.storyboard in Resources */,
				BC064D3F232059E5003473EF /* Assets.xcassets in Resources */,
				BC064D3D232059E3003473EF /* Main.storyboard in Resources */,
			);
			runOnlyForDeploymentPostprocessing = 0;
		};
/* End PBXResourcesBuildPhase section */

/* Begin PBXSourcesBuildPhase section */
		BC064D30232059E3003473EF /* Sources */ = {
			isa = PBXSourcesBuildPhase;
			buildActionMask = 2147483647;
			files = (
				BC064D3A232059E3003473EF /* ViewController.swift in Sources */,
				BC8262FE2326EEBA00C4F28E /* Alumno.swift in Sources */,
				BC064D38232059E3003473EF /* AppDelegate.swift in Sources */,
				BC8263062326F90900C4F28E /* SecondViewController.swift in Sources */,
				BC8263022326EF4800C4F28E /* AlumnoTableViewCell.swift in Sources */,
			);
			runOnlyForDeploymentPostprocessing = 0;
		};
/* End PBXSourcesBuildPhase section */

/* Begin PBXVariantGroup section */
		BC064D3B232059E3003473EF /* Main.storyboard */ = {
			isa = PBXVariantGroup;
			children = (
				BC064D3C232059E3003473EF /* Base */,
			);
			name = Main.storyboard;
			sourceTree = "<group>";
		};
		BC064D40232059E5003473EF /* LaunchScreen.storyboard */ = {
			isa = PBXVariantGroup;
			children = (
				BC064D41232059E5003473EF /* Base */,
			);
			name = LaunchScreen.storyboard;
			sourceTree = "<group>";
		};
/* End PBXVariantGroup section */

/* Begin XCBuildConfiguration section */
		BC064D44232059E5003473EF /* Debug */ = {
			isa = XCBuildConfiguration;
			buildSettings = {
				ALWAYS_SEARCH_USER_PATHS = NO;
				CLANG_ANALYZER_NONNULL = YES;
				CLANG_ANALYZER_NUMBER_OBJECT_CONVERSION = YES_AGGRESSIVE;
				CLANG_CXX_LANGUAGE_STANDARD = "gnu++14";
				CLANG_CXX_LIBRARY = "libc++";
				CLANG_ENABLE_MODULES = YES;
				CLANG_ENABLE_OBJC_ARC = YES;
				CLANG_ENABLE_OBJC_WEAK = YES;
				CLANG_WARN_BLOCK_CAPTURE_AUTORELEASING = YES;
				CLANG_WARN_BOOL_CONVERSION = YES;
				CLANG_WARN_COMMA = YES;
				CLANG_WARN_CONSTANT_CONVERSION = YES;
				CLANG_WARN_DEPRECATED_OBJC_IMPLEMENTATIONS = YES;
				CLANG_WARN_DIRECT_OBJC_ISA_USAGE = YES_ERROR;
				CLANG_WARN_DOCUMENTATION_COMMENTS = YES;
				CLANG_WARN_EMPTY_BODY = YES;
				CLANG_WARN_ENUM_CONVERSION = YES;
				CLANG_WARN_INFINITE_RECURSION = YES;
				CLANG_WARN_INT_CONVERSION = YES;
				CLANG_WARN_NON_LITERAL_NULL_CONVERSION = YES;
				CLANG_WARN_OBJC_IMPLICIT_RETAIN_SELF = YES;
				CLANG_WARN_OBJC_LITERAL_CONVERSION = YES;
				CLANG_WARN_OBJC_ROOT_CLASS = YES_ERROR;
				CLANG_WARN_RANGE_LOOP_ANALYSIS = YES;
				CLANG_WARN_STRICT_PROTOTYPES = YES;
				CLANG_WARN_SUSPICIOUS_MOVE = YES;
				CLANG_WARN_UNGUARDED_AVAILABILITY = YES_AGGRESSIVE;
				CLANG_WARN_UNREACHABLE_CODE = YES;
				CLANG_WARN__DUPLICATE_METHOD_MATCH = YES;
				CODE_SIGN_IDENTITY = "iPhone Developer";
				COPY_PHASE_STRIP = NO;
				DEBUG_INFORMATION_FORMAT = dwarf;
				ENABLE_STRICT_OBJC_MSGSEND = YES;
				ENABLE_TESTABILITY = YES;
				GCC_C_LANGUAGE_STANDARD = gnu11;
				GCC_DYNAMIC_NO_PIC = NO;
				GCC_NO_COMMON_BLOCKS = YES;
				GCC_OPTIMIZATION_LEVEL = 0;
				GCC_PREPROCESSOR_DEFINITIONS = (
					"DEBUG=1",
					"$(inherited)",
				);
				GCC_WARN_64_TO_32_BIT_CONVERSION = YES;
				GCC_WARN_ABOUT_RETURN_TYPE = YES_ERROR;
				GCC_WARN_UNDECLARED_SELECTOR = YES;
				GCC_WARN_UNINITIALIZED_AUTOS = YES_AGGRESSIVE;
				GCC_WARN_UNUSED_FUNCTION = YES;
				GCC_WARN_UNUSED_VARIABLE = YES;
				IPHONEOS_DEPLOYMENT_TARGET = 12.4;
				MTL_ENABLE_DEBUG_INFO = INCLUDE_SOURCE;
				MTL_FAST_MATH = YES;
				ONLY_ACTIVE_ARCH = YES;
				SDKROOT = iphoneos;
				SWIFT_ACTIVE_COMPILATION_CONDITIONS = DEBUG;
				SWIFT_OPTIMIZATION_LEVEL = "-Onone";
			};
			name = Debug;
		};
		BC064D45232059E5003473EF /* Release */ = {
			isa = XCBuildConfiguration;
			buildSettings = {
				ALWAYS_SEARCH_USER_PATHS = NO;
				CLANG_ANALYZER_NONNULL = YES;
				CLANG_ANALYZER_NUMBER_OBJECT_CONVERSION = YES_AGGRESSIVE;
				CLANG_CXX_LANGUAGE_STANDARD = "gnu++14";
				CLANG_CXX_LIBRARY = "libc++";
				CLANG_ENABLE_MODULES = YES;
				CLANG_ENABLE_OBJC_ARC = YES;
				CLANG_ENABLE_OBJC_WEAK = YES;
				CLANG_WARN_BLOCK_CAPTURE_AUTORELEASING = YES;
				CLANG_WARN_BOOL_CONVERSION = YES;
				CLANG_WARN_COMMA = YES;
				CLANG_WARN_CONSTANT_CONVERSION = YES;
				CLANG_WARN_DEPRECATED_OBJC_IMPLEMENTATIONS = YES;
				CLANG_WARN_DIRECT_OBJC_ISA_USAGE = YES_ERROR;
				CLANG_WARN_DOCUMENTATION_COMMENTS = YES;
				CLANG_WARN_EMPTY_BODY = YES;
				CLANG_WARN_ENUM_CONVERSION = YES;
				CLANG_WARN_INFINITE_RECURSION = YES;
				CLANG_WARN_INT_CONVERSION = YES;
				CLANG_WARN_NON_LITERAL_NULL_CONVERSION = YES;
				CLANG_WARN_OBJC_IMPLICIT_RETAIN_SELF = YES;
				CLANG_WARN_OBJC_LITERAL_CONVERSION = YES;
				CLANG_WARN_OBJC_ROOT_CLASS = YES_ERROR;
				CLANG_WARN_RANGE_LOOP_ANALYSIS = YES;
				CLANG_WARN_STRICT_PROTOTYPES = YES;
				CLANG_WARN_SUSPICIOUS_MOVE = YES;
				CLANG_WARN_UNGUARDED_AVAILABILITY = YES_AGGRESSIVE;
				CLANG_WARN_UNREACHABLE_CODE = YES;
				CLANG_WARN__DUPLICATE_METHOD_MATCH = YES;
				CODE_SIGN_IDENTITY = "iPhone Developer";
				COPY_PHASE_STRIP = NO;
				DEBUG_INFORMATION_FORMAT = "dwarf-with-dsym";
				ENABLE_NS_ASSERTIONS = NO;
				ENABLE_STRICT_OBJC_MSGSEND = YES;
				GCC_C_LANGUAGE_STANDARD = gnu11;
				GCC_NO_COMMON_BLOCKS = YES;
				GCC_WARN_64_TO_32_BIT_CONVERSION = YES;
				GCC_WARN_ABOUT_RETURN_TYPE = YES_ERROR;
				GCC_WARN_UNDECLARED_SELECTOR = YES;
				GCC_WARN_UNINITIALIZED_AUTOS = YES_AGGRESSIVE;
				GCC_WARN_UNUSED_FUNCTION = YES;
				GCC_WARN_UNUSED_VARIABLE = YES;
				IPHONEOS_DEPLOYMENT_TARGET = 12.4;
				MTL_ENABLE_DEBUG_INFO = NO;
				MTL_FAST_MATH = YES;
				SDKROOT = iphoneos;
				SWIFT_COMPILATION_MODE = wholemodule;
				SWIFT_OPTIMIZATION_LEVEL = "-O";
				VALIDATE_PRODUCT = YES;
			};
			name = Release;
		};
		BC064D47232059E5003473EF /* Debug */ = {
			isa = XCBuildConfiguration;
			buildSettings = {
				ASSETCATALOG_COMPILER_APPICON_NAME = AppIcon;
				CODE_SIGN_STYLE = Automatic;
				INFOPLIST_FILE = PO.ALtablas/Info.plist;
				LD_RUNPATH_SEARCH_PATHS = (
					"$(inherited)",
					"@executable_path/Frameworks",
				);
				PRODUCT_BUNDLE_IDENTIFIER = "unam.mx.PO-ALtablas";
				PRODUCT_NAME = "$(TARGET_NAME)";
				SWIFT_VERSION = 5.0;
				TARGETED_DEVICE_FAMILY = "1,2";
			};
			name = Debug;
		};
		BC064D48232059E5003473EF /* Release */ = {
			isa = XCBuildConfiguration;
			buildSettings = {
				ASSETCATALOG_COMPILER_APPICON_NAME = AppIcon;
				CODE_SIGN_STYLE = Automatic;
				INFOPLIST_FILE = PO.ALtablas/Info.plist;
				LD_RUNPATH_SEARCH_PATHS = (
					"$(inherited)",
					"@executable_path/Frameworks",
				);
				PRODUCT_BUNDLE_IDENTIFIER = "unam.mx.PO-ALtablas";
				PRODUCT_NAME = "$(TARGET_NAME)";
				SWIFT_VERSION = 5.0;
				TARGETED_DEVICE_FAMILY = "1,2";
			};
			name = Release;
		};
/* End XCBuildConfiguration section */

/* Begin XCConfigurationList section */
		BC064D2F232059E3003473EF /* Build configuration list for PBXProject "PO.ALtablas" */ = {
			isa = XCConfigurationList;
			buildConfigurations = (
				BC064D44232059E5003473EF /* Debug */,
				BC064D45232059E5003473EF /* Release */,
			);
			defaultConfigurationIsVisible = 0;
			defaultConfigurationName = Release;
		};
		BC064D46232059E5003473EF /* Build configuration list for PBXNativeTarget "PO.ALtablas" */ = {
			isa = XCConfigurationList;
			buildConfigurations = (
				BC064D47232059E5003473EF /* Debug */,
				BC064D48232059E5003473EF /* Release */,
			);
			defaultConfigurationIsVisible = 0;
			defaultConfigurationName = Release;
		};
/* End XCConfigurationList section */
	};
	rootObject = BC064D2C232059E3003473EF /* Project object */;
}
