// !$*UTF8*$!
{
	archiveVersion = 1;
	classes = {
	};
	objectVersion = 50;
	objects = {

/* Begin PBXBuildFile section */
		BC0645E023281EE500B6C8AF /* AppDelegate.swift in Sources */ = {isa = PBXBuildFile; fileRef = BC0645DF23281EE500B6C8AF /* AppDelegate.swift */; };
		BC0645E223281EE500B6C8AF /* ViewController.swift in Sources */ = {isa = PBXBuildFile; fileRef = BC0645E123281EE500B6C8AF /* ViewController.swift */; };
		BC0645E523281EE500B6C8AF /* Main.storyboard in Resources */ = {isa = PBXBuildFile; fileRef = BC0645E323281EE500B6C8AF /* Main.storyboard */; };
		BC0645E723281EE500B6C8AF /* Assets.xcassets in Resources */ = {isa = PBXBuildFile; fileRef = BC0645E623281EE500B6C8AF /* Assets.xcassets */; };
		BC0645EA23281EE500B6C8AF /* LaunchScreen.storyboard in Resources */ = {isa = PBXBuildFile; fileRef = BC0645E823281EE500B6C8AF /* LaunchScreen.storyboard */; };
		BC0645F22328316500B6C8AF /* logInViewController.swift in Sources */ = {isa = PBXBuildFile; fileRef = BC0645F12328316500B6C8AF /* logInViewController.swift */; };
/* End PBXBuildFile section */

/* Begin PBXFileReference section */
		BC0645DC23281EE500B6C8AF /* LogingAL.app */ = {isa = PBXFileReference; explicitFileType = wrapper.application; includeInIndex = 0; path = LogingAL.app; sourceTree = BUILT_PRODUCTS_DIR; };
		BC0645DF23281EE500B6C8AF /* AppDelegate.swift */ = {isa = PBXFileReference; lastKnownFileType = sourcecode.swift; path = AppDelegate.swift; sourceTree = "<group>"; };
		BC0645E123281EE500B6C8AF /* ViewController.swift */ = {isa = PBXFileReference; lastKnownFileType = sourcecode.swift; path = ViewController.swift; sourceTree = "<group>"; };
		BC0645E423281EE500B6C8AF /* Base */ = {isa = PBXFileReference; lastKnownFileType = file.storyboard; name = Base; path = Base.lproj/Main.storyboard; sourceTree = "<group>"; };
		BC0645E623281EE500B6C8AF /* Assets.xcassets */ = {isa = PBXFileReference; lastKnownFileType = folder.assetcatalog; path = Assets.xcassets; sourceTree = "<group>"; };
		BC0645E923281EE500B6C8AF /* Base */ = {isa = PBXFileReference; lastKnownFileType = file.storyboard; name = Base; path = Base.lproj/LaunchScreen.storyboard; sourceTree = "<group>"; };
		BC0645EB23281EE500B6C8AF /* Info.plist */ = {isa = PBXFileReference; lastKnownFileType = text.plist.xml; path = Info.plist; sourceTree = "<group>"; };
		BC0645F12328316500B6C8AF /* logInViewController.swift */ = {isa = PBXFileReference; lastKnownFileType = sourcecode.swift; path = logInViewController.swift; sourceTree = "<group>"; };
/* End PBXFileReference section */

/* Begin PBXFrameworksBuildPhase section */
		BC0645D923281EE500B6C8AF /* Frameworks */ = {
			isa = PBXFrameworksBuildPhase;
			buildActionMask = 2147483647;
			files = (
			);
			runOnlyForDeploymentPostprocessing = 0;
		};
/* End PBXFrameworksBuildPhase section */

/* Begin PBXGroup section */
		BC0645D323281EE500B6C8AF = {
			isa = PBXGroup;
			children = (
				BC0645DE23281EE500B6C8AF /* LogingAL */,
				BC0645DD23281EE500B6C8AF /* Products */,
			);
			sourceTree = "<group>";
		};
		BC0645DD23281EE500B6C8AF /* Products */ = {
			isa = PBXGroup;
			children = (
				BC0645DC23281EE500B6C8AF /* LogingAL.app */,
			);
			name = Products;
			sourceTree = "<group>";
		};
		BC0645DE23281EE500B6C8AF /* LogingAL */ = {
			isa = PBXGroup;
			children = (
				BC0645DF23281EE500B6C8AF /* AppDelegate.swift */,
				BC0645E123281EE500B6C8AF /* ViewController.swift */,
				BC0645E323281EE500B6C8AF /* Main.storyboard */,
				BC0645F12328316500B6C8AF /* logInViewController.swift */,
				BC0645E623281EE500B6C8AF /* Assets.xcassets */,
				BC0645E823281EE500B6C8AF /* LaunchScreen.storyboard */,
				BC0645EB23281EE500B6C8AF /* Info.plist */,
			);
			path = LogingAL;
			sourceTree = "<group>";
		};
/* End PBXGroup section */

/* Begin PBXNativeTarget section */
		BC0645DB23281EE500B6C8AF /* LogingAL */ = {
			isa = PBXNativeTarget;
			buildConfigurationList = BC0645EE23281EE500B6C8AF /* Build configuration list for PBXNativeTarget "LogingAL" */;
			buildPhases = (
				BC0645D823281EE500B6C8AF /* Sources */,
				BC0645D923281EE500B6C8AF /* Frameworks */,
				BC0645DA23281EE500B6C8AF /* Resources */,
			);
			buildRules = (
			);
			dependencies = (
			);
			name = LogingAL;
			productName = LogingAL;
			productReference = BC0645DC23281EE500B6C8AF /* LogingAL.app */;
			productType = "com.apple.product-type.application";
		};
/* End PBXNativeTarget section */

/* Begin PBXProject section */
		BC0645D423281EE500B6C8AF /* Project object */ = {
			isa = PBXProject;
			attributes = {
				LastSwiftUpdateCheck = 1030;
				LastUpgradeCheck = 1030;
				ORGANIZATIONNAME = "2020-1";
				TargetAttributes = {
					BC0645DB23281EE500B6C8AF = {
						CreatedOnToolsVersion = 10.3;
					};
				};
			};
			buildConfigurationList = BC0645D723281EE500B6C8AF /* Build configuration list for PBXProject "LogingAL" */;
			compatibilityVersion = "Xcode 9.3";
			developmentRegion = en;
			hasScannedForEncodings = 0;
			knownRegions = (
				en,
				Base,
			);
			mainGroup = BC0645D323281EE500B6C8AF;
			productRefGroup = BC0645DD23281EE500B6C8AF /* Products */;
			projectDirPath = "";
			projectRoot = "";
			targets = (
				BC0645DB23281EE500B6C8AF /* LogingAL */,
			);
		};
/* End PBXProject section */

/* Begin PBXResourcesBuildPhase section */
		BC0645DA23281EE500B6C8AF /* Resources */ = {
			isa = PBXResourcesBuildPhase;
			buildActionMask = 2147483647;
			files = (
				BC0645EA23281EE500B6C8AF /* LaunchScreen.storyboard in Resources */,
				BC0645E723281EE500B6C8AF /* Assets.xcassets in Resources */,
				BC0645E523281EE500B6C8AF /* Main.storyboard in Resources */,
			);
			runOnlyForDeploymentPostprocessing = 0;
		};
/* End PBXResourcesBuildPhase section */

/* Begin PBXSourcesBuildPhase section */
		BC0645D823281EE500B6C8AF /* Sources */ = {
			isa = PBXSourcesBuildPhase;
			buildActionMask = 2147483647;
			files = (
				BC0645E223281EE500B6C8AF /* ViewController.swift in Sources */,
				BC0645F22328316500B6C8AF /* logInViewController.swift in Sources */,
				BC0645E023281EE500B6C8AF /* AppDelegate.swift in Sources */,
			);
			runOnlyForDeploymentPostprocessing = 0;
		};
/* End PBXSourcesBuildPhase section */

/* Begin PBXVariantGroup section */
		BC0645E323281EE500B6C8AF /* Main.storyboard */ = {
			isa = PBXVariantGroup;
			children = (
				BC0645E423281EE500B6C8AF /* Base */,
			);
			name = Main.storyboard;
			sourceTree = "<group>";
		};
		BC0645E823281EE500B6C8AF /* LaunchScreen.storyboard */ = {
			isa = PBXVariantGroup;
			children = (
				BC0645E923281EE500B6C8AF /* Base */,
			);
			name = LaunchScreen.storyboard;
			sourceTree = "<group>";
		};
/* End PBXVariantGroup section */

/* Begin XCBuildConfiguration section */
		BC0645EC23281EE500B6C8AF /* Debug */ = {
			isa = XCBuildConfiguration;
			buildSettings = {
				ALWAYS_SEARCH_USER_PATHS = NO;
				CLANG_ANALYZER_NONNULL = YES;
				CLANG_ANALYZER_NUMBER_OBJECT_CONVERSION = YES_AGGRESSIVE;
				CLANG_CXX_LANGUAGE_STANDARD = "gnu++14";
				CLANG_CXX_LIBRARY = "libc++";
				CLANG_ENABLE_MODULES = YES;
				CLANG_ENABLE_OBJC_ARC = YES;
				CLANG_ENABLE_OBJC_WEAK = YES;
				CLANG_WARN_BLOCK_CAPTURE_AUTORELEASING = YES;
				CLANG_WARN_BOOL_CONVERSION = YES;
				CLANG_WARN_COMMA = YES;
				CLANG_WARN_CONSTANT_CONVERSION = YES;
				CLANG_WARN_DEPRECATED_OBJC_IMPLEMENTATIONS = YES;
				CLANG_WARN_DIRECT_OBJC_ISA_USAGE = YES_ERROR;
				CLANG_WARN_DOCUMENTATION_COMMENTS = YES;
				CLANG_WARN_EMPTY_BODY = YES;
				CLANG_WARN_ENUM_CONVERSION = YES;
				CLANG_WARN_INFINITE_RECURSION = YES;
				CLANG_WARN_INT_CONVERSION = YES;
				CLANG_WARN_NON_LITERAL_NULL_CONVERSION = YES;
				CLANG_WARN_OBJC_IMPLICIT_RETAIN_SELF = YES;
				CLANG_WARN_OBJC_LITERAL_CONVERSION = YES;
				CLANG_WARN_OBJC_ROOT_CLASS = YES_ERROR;
				CLANG_WARN_RANGE_LOOP_ANALYSIS = YES;
				CLANG_WARN_STRICT_PROTOTYPES = YES;
				CLANG_WARN_SUSPICIOUS_MOVE = YES;
				CLANG_WARN_UNGUARDED_AVAILABILITY = YES_AGGRESSIVE;
				CLANG_WARN_UNREACHABLE_CODE = YES;
				CLANG_WARN__DUPLICATE_METHOD_MATCH = YES;
				CODE_SIGN_IDENTITY = "iPhone Developer";
				COPY_PHASE_STRIP = NO;
				DEBUG_INFORMATION_FORMAT = dwarf;
				ENABLE_STRICT_OBJC_MSGSEND = YES;
				ENABLE_TESTABILITY = YES;
				GCC_C_LANGUAGE_STANDARD = gnu11;
				GCC_DYNAMIC_NO_PIC = NO;
				GCC_NO_COMMON_BLOCKS = YES;
				GCC_OPTIMIZATION_LEVEL = 0;
				GCC_PREPROCESSOR_DEFINITIONS = (
					"DEBUG=1",
					"$(inherited)",
				);
				GCC_WARN_64_TO_32_BIT_CONVERSION = YES;
				GCC_WARN_ABOUT_RETURN_TYPE = YES_ERROR;
				GCC_WARN_UNDECLARED_SELECTOR = YES;
				GCC_WARN_UNINITIALIZED_AUTOS = YES_AGGRESSIVE;
				GCC_WARN_UNUSED_FUNCTION = YES;
				GCC_WARN_UNUSED_VARIABLE = YES;
				IPHONEOS_DEPLOYMENT_TARGET = 12.4;
				MTL_ENABLE_DEBUG_INFO = INCLUDE_SOURCE;
				MTL_FAST_MATH = YES;
				ONLY_ACTIVE_ARCH = YES;
				SDKROOT = iphoneos;
				SWIFT_ACTIVE_COMPILATION_CONDITIONS = DEBUG;
				SWIFT_OPTIMIZATION_LEVEL = "-Onone";
			};
			name = Debug;
		};
		BC0645ED23281EE500B6C8AF /* Release */ = {
			isa = XCBuildConfiguration;
			buildSettings = {
				ALWAYS_SEARCH_USER_PATHS = NO;
				CLANG_ANALYZER_NONNULL = YES;
				CLANG_ANALYZER_NUMBER_OBJECT_CONVERSION = YES_AGGRESSIVE;
				CLANG_CXX_LANGUAGE_STANDARD = "gnu++14";
				CLANG_CXX_LIBRARY = "libc++";
				CLANG_ENABLE_MODULES = YES;
				CLANG_ENABLE_OBJC_ARC = YES;
				CLANG_ENABLE_OBJC_WEAK = YES;
				CLANG_WARN_BLOCK_CAPTURE_AUTORELEASING = YES;
				CLANG_WARN_BOOL_CONVERSION = YES;
				CLANG_WARN_COMMA = YES;
				CLANG_WARN_CONSTANT_CONVERSION = YES;
				CLANG_WARN_DEPRECATED_OBJC_IMPLEMENTATIONS = YES;
				CLANG_WARN_DIRECT_OBJC_ISA_USAGE = YES_ERROR;
				CLANG_WARN_DOCUMENTATION_COMMENTS = YES;
				CLANG_WARN_EMPTY_BODY = YES;
				CLANG_WARN_ENUM_CONVERSION = YES;
				CLANG_WARN_INFINITE_RECURSION = YES;
				CLANG_WARN_INT_CONVERSION = YES;
				CLANG_WARN_NON_LITERAL_NULL_CONVERSION = YES;
				CLANG_WARN_OBJC_IMPLICIT_RETAIN_SELF = YES;
				CLANG_WARN_OBJC_LITERAL_CONVERSION = YES;
				CLANG_WARN_OBJC_ROOT_CLASS = YES_ERROR;
				CLANG_WARN_RANGE_LOOP_ANALYSIS = YES;
				CLANG_WARN_STRICT_PROTOTYPES = YES;
				CLANG_WARN_SUSPICIOUS_MOVE = YES;
				CLANG_WARN_UNGUARDED_AVAILABILITY = YES_AGGRESSIVE;
				CLANG_WARN_UNREACHABLE_CODE = YES;
				CLANG_WARN__DUPLICATE_METHOD_MATCH = YES;
				CODE_SIGN_IDENTITY = "iPhone Developer";
				COPY_PHASE_STRIP = NO;
				DEBUG_INFORMATION_FORMAT = "dwarf-with-dsym";
				ENABLE_NS_ASSERTIONS = NO;
				ENABLE_STRICT_OBJC_MSGSEND = YES;
				GCC_C_LANGUAGE_STANDARD = gnu11;
				GCC_NO_COMMON_BLOCKS = YES;
				GCC_WARN_64_TO_32_BIT_CONVERSION = YES;
				GCC_WARN_ABOUT_RETURN_TYPE = YES_ERROR;
				GCC_WARN_UNDECLARED_SELECTOR = YES;
				GCC_WARN_UNINITIALIZED_AUTOS = YES_AGGRESSIVE;
				GCC_WARN_UNUSED_FUNCTION = YES;
				GCC_WARN_UNUSED_VARIABLE = YES;
				IPHONEOS_DEPLOYMENT_TARGET = 12.4;
				MTL_ENABLE_DEBUG_INFO = NO;
				MTL_FAST_MATH = YES;
				SDKROOT = iphoneos;
				SWIFT_COMPILATION_MODE = wholemodule;
				SWIFT_OPTIMIZATION_LEVEL = "-O";
				VALIDATE_PRODUCT = YES;
			};
			name = Release;
		};
		BC0645EF23281EE500B6C8AF /* Debug */ = {
			isa = XCBuildConfiguration;
			buildSettings = {
				ASSETCATALOG_COMPILER_APPICON_NAME = AppIcon;
				CODE_SIGN_STYLE = Automatic;
				INFOPLIST_FILE = LogingAL/Info.plist;
				LD_RUNPATH_SEARCH_PATHS = (
					"$(inherited)",
					"@executable_path/Frameworks",
				);
				PRODUCT_BUNDLE_IDENTIFIER = unam.mx.LogingAL;
				PRODUCT_NAME = "$(TARGET_NAME)";
				SWIFT_VERSION = 5.0;
				TARGETED_DEVICE_FAMILY = "1,2";
			};
			name = Debug;
		};
		BC0645F023281EE500B6C8AF /* Release */ = {
			isa = XCBuildConfiguration;
			buildSettings = {
				ASSETCATALOG_COMPILER_APPICON_NAME = AppIcon;
				CODE_SIGN_STYLE = Automatic;
				INFOPLIST_FILE = LogingAL/Info.plist;
				LD_RUNPATH_SEARCH_PATHS = (
					"$(inherited)",
					"@executable_path/Frameworks",
				);
				PRODUCT_BUNDLE_IDENTIFIER = unam.mx.LogingAL;
				PRODUCT_NAME = "$(TARGET_NAME)";
				SWIFT_VERSION = 5.0;
				TARGETED_DEVICE_FAMILY = "1,2";
			};
			name = Release;
		};
/* End XCBuildConfiguration section */

/* Begin XCConfigurationList section */
		BC0645D723281EE500B6C8AF /* Build configuration list for PBXProject "LogingAL" */ = {
			isa = XCConfigurationList;
			buildConfigurations = (
				BC0645EC23281EE500B6C8AF /* Debug */,
				BC0645ED23281EE500B6C8AF /* Release */,
			);
			defaultConfigurationIsVisible = 0;
			defaultConfigurationName = Release;
		};
		BC0645EE23281EE500B6C8AF /* Build configuration list for PBXNativeTarget "LogingAL" */ = {
			isa = XCConfigurationList;
			buildConfigurations = (
				BC0645EF23281EE500B6C8AF /* Debug */,
				BC0645F023281EE500B6C8AF /* Release */,
			);
			defaultConfigurationIsVisible = 0;
			defaultConfigurationName = Release;
		};
/* End XCConfigurationList section */
	};
	rootObject = BC0645D423281EE500B6C8AF /* Project object */;
}
